
Microsoft Visual Studio Solution File, Format Version 12.00
# Visual Studio Version 17
VisualStudioVersion = 17.9.34622.214
MinimumVisualStudioVersion = 10.0.40219.1
Project("{FAE04EC0-301F-11D3-BF4B-00C04F79EFBC}") = "FloridaBusReservationSystem", "FloridaBusReservationSystem.csproj", "{79A7A57C-70CF-407F-B50A-25757AC17628}"
EndProject
Global
	GlobalSection(SolutionConfigurationPlatforms) = preSolution
		Debug|Any CPU = Debug|Any CPU
		Release|Any CPU = Release|Any CPU
	EndGlobalSection
	GlobalSection(ProjectConfigurationPlatforms) = postSolution
		{79A7A57C-70CF-407F-B50A-25757AC17628}.Debug|Any CPU.ActiveCfg = Debug|Any CPU
		{79A7A57C-70CF-407F-B50A-25757AC17628}.Debug|Any CPU.Build.0 = Debug|Any CPU
		{79A7A57C-70CF-407F-B50A-25757AC17628}.Release|Any CPU.ActiveCfg = Release|Any CPU
		{79A7A57C-70CF-407F-B50A-25757AC17628}.Release|Any CPU.Build.0 = Release|Any CPU
	EndGlobalSection
	GlobalSection(SolutionProperties) = preSolution
		HideSolutionNode = FALSE
	EndGlobalSection
	GlobalSection(ExtensibilityGlobals) = postSolution
		SolutionGuid = {FBBD419F-3614-4BAB-8A7F-F467B261BDC0}
	EndGlobalSection
EndGlobal
